// !$*UTF8*$!
{ archiveVersion = 1; classes = {}; objectVersion = 56; objects = {
0189424A5A60FED329FA868E = {isa = PBXResourcesBuildPhase; buildActionMask = 2147483647; files = (AA400DFD4219F700A8EA7668); runOnlyForDeploymentPostprocessing = 0;};
068553349B05C5AE57AA01A2 = {isa = PBXFileReference; lastKnownFileType = sourcecode.swift; path = "LiquidityEdge/Services/JournalStore.swift"; sourceTree = SOURCE_ROOT;};
078397455EC1A6A9F0F0219E = {isa = PBXFileReference; lastKnownFileType = sourcecode.swift; path = "LiquidityEdge/Models/JournalSchema.swift"; sourceTree = SOURCE_ROOT;};
0A1A1913261B123769FD9238 = {isa = PBXBuildFile; fileRef = C134E955B631474C20CA863D;};
0B6F146F244704F77E494458 = {isa = PBXFileReference; lastKnownFileType = sourcecode.swift; path = "LiquidityEdge/Views/TradeDetailView.swift"; sourceTree = SOURCE_ROOT;};
0C94216B7BB962BC2E1F7DFC = {isa = PBXFileReference; lastKnownFileType = sourcecode.swift; path = "LiquidityEdge/Services/BackupService.swift"; sourceTree = SOURCE_ROOT;};
0E7270AB0D6DD4856D430595 = {isa = PBXBuildFile; fileRef = 3D8FE69FCB131EC286CC3DAB;};
0E867D5A8B46D30565EF2729 = {isa = PBXGroup; children = (C134E955B631474C20CA863D); name = Charts; sourceTree = "<group>";};
10250BD8D865DD272B1472BF = {isa = PBXFileReference; lastKnownFileType = sourcecode.swift; path = "LiquidityEdge/Views/SettingsView.swift"; sourceTree = SOURCE_ROOT;};
12716E15768F49F91FAD4A43 = {isa = PBXBuildFile; fileRef = 43CABBA8A298A388A7572700;};
139234D6367C085C1D37C6D6 = {isa = PBXFileReference; lastKnownFileType = sourcecode.swift; path = "LiquidityEdge/Models/TradeRecord.swift"; sourceTree = SOURCE_ROOT;};
167B301AB66FAF00DDF7F997 = {isa = PBXBuildFile; fileRef = 068553349B05C5AE57AA01A2;};
1872631125DF85A968E38C58 = {isa = XCBuildConfiguration; buildSettings = {MACOSX_DEPLOYMENT_TARGET = "14.0"; SDKROOT = "macosx"; SWIFT_VERSION = "5.0"; CLANG_ENABLE_MODULES = "YES"; CLANG_ENABLE_OBJC_ARC = "YES"; GCC_WARN_64_TO_32_BIT_CONVERSION = "YES"; SWIFT_STRICT_CONCURRENCY = "targeted"; SWIFT_OPTIMIZATION_LEVEL = "-O"; DEBUG_INFORMATION_FORMAT = "dwarf-with-dsym";}; name = Release;};
19D308DC5B216485F36B14DF = {isa = PBXBuildFile; fileRef = A98D803742766C727B057159;};
1ACF373BE7472E8D82CC1C12 = {isa = PBXBuildFile; fileRef = 6B4085159BCF79F8DA4E58B7;};
2463EDA30407CB2885F789C7 = {isa = PBXBuildFile; fileRef = 139234D6367C085C1D37C6D6;};
30C8B29B12390E59983A4C0E = {isa = PBXFileReference; lastKnownFileType = sourcecode.swift; path = "LiquidityEdge/Views/AnalyticsView.swift"; sourceTree = SOURCE_ROOT;};
32398C07AD3591544B80F078 = {isa = PBXBuildFile; fileRef = 8ACBFBC3006FEE96083D9D75;};
3459C7B1DD6083CC62193886 = {isa = PBXBuildFile; fileRef = 70ABFEA5F3550169F1BCD448;};
3685E330EC5277A9DD5661C6 = {isa = PBXFileReference; lastKnownFileType = folder.assetcatalog; path = LiquidityEdge/Resources/Assets.xcassets; sourceTree = SOURCE_ROOT;};
3C62B5149966FDE0DB7747CE = {isa = PBXFileReference; lastKnownFileType = sourcecode.swift; path = "Tests/PersistenceTests.swift"; sourceTree = SOURCE_ROOT;};
3D8FE69FCB131EC286CC3DAB = {isa = PBXFileReference; lastKnownFileType = sourcecode.swift; path = "LiquidityEdge/Models/PersistenceModels.swift"; sourceTree = SOURCE_ROOT;};
41A2CC2D5321B7BB2E956CA5 = {isa = XCConfigurationList; buildConfigurations = (B9A1FF4C261A493FF27AD605, 1872631125DF85A968E38C58); defaultConfigurationIsVisible = 0; defaultConfigurationName = Release;};
43CABBA8A298A388A7572700 = {isa = PBXFileReference; lastKnownFileType = sourcecode.swift; path = "LiquidityEdge/Utilities/CSVCodec.swift"; sourceTree = SOURCE_ROOT;};
43F1B02F238D12F4A962097E = {isa = PBXFileReference; lastKnownFileType = sourcecode.swift; path = "LiquidityEdge/ViewModels/TradeDraft.swift"; sourceTree = SOURCE_ROOT;};
44EEBFCC51DE9D27E09581DD = {isa = PBXBuildFile; fileRef = CC11F8170B2160D157E342EB;};
46AB437A39987B26EFE27F19 = {isa = PBXBuildFile; fileRef = 0B6F146F244704F77E494458;};
529389268FE012CA42456275 = {isa = PBXGroup; children = (43F1B02F238D12F4A962097E); name = ViewModels; sourceTree = "<group>";};
54FE5E34995DE10F87DF7B85 = {isa = PBXGroup; children = (AF027690E3B888FDE3F99D83); name = Components; sourceTree = "<group>";};
566D60DF771AC4DCFE4D996F = {isa = PBXFileReference; lastKnownFileType = sourcecode.swift; path = "LiquidityEdge/Utilities/TradeSearch.swift"; sourceTree = SOURCE_ROOT;};
57BE034B8F490E6BA6859E7F = {isa = PBXBuildFile; fileRef = 0C94216B7BB962BC2E1F7DFC;};
58492F208780FA5EF3807E8F = {isa = PBXGroup; children = (30C8B29B12390E59983A4C0E, 8C3690775584D4E8A179B104, 665F6A51D8807C557E4D80B7, 6B4085159BCF79F8DA4E58B7, D973D4B0726D8499D234E68C, 88ED6D798E1AA55569E3AE43, 91CCF74D77C5907635C2A456, 10250BD8D865DD272B1472BF, 0B6F146F244704F77E494458, 93C76DCF52D6A043E2A29E72, 75572986CD55A33867CC0CB3); name = Views; sourceTree = "<group>";};
64BCB755386F844C96A2A5B0 = {isa = PBXNativeTarget; buildConfigurationList = BBD1A4309DD6635F34F23AFF; buildPhases = (6E431EB0650617AA1756B320); buildRules = (); dependencies = (DE58E2B17C19600779694943); name = LiquidityEdgeTests; productName = LiquidityEdgeTests; productReference = F219C0274590DA45E4BEF1EA; productType = "com.apple.product-type.bundle.unit-test";};
652EB6FD44B3D4851877AF55 = {isa = PBXBuildFile; fileRef = 88ED6D798E1AA55569E3AE43;};
665F6A51D8807C557E4D80B7 = {isa = PBXFileReference; lastKnownFileType = sourcecode.swift; path = "LiquidityEdge/Views/DashboardView.swift"; sourceTree = SOURCE_ROOT;};
69F8D45498D7E20DA99BB780 = {isa = PBXGroup; children = (A12519B2066014A0CDDF0138, BF657CFE8769AAE6C0570C29, 58492F208780FA5EF3807E8F, 529389268FE012CA42456275, 6EE67047A4B2648DDBB08231, 54FE5E34995DE10F87DF7B85, 0E867D5A8B46D30565EF2729, 7CE75CD7A6F38545D3BDC99D, 6D038C6489B966443225930B, A024F06580C79B7582C3806A); name = LiquidityEdge; sourceTree = "<group>";};
6A9FAA96D672635D3A9F85B9 = {isa = XCBuildConfiguration; buildSettings = {PRODUCT_NAME = "LiquidityEdgeTests"; PRODUCT_BUNDLE_IDENTIFIER = "com.liquidityedge.journal.tests"; GENERATE_INFOPLIST_FILE = "YES"; TEST_HOST = "$(BUILT_PRODUCTS_DIR)/Liquidity Edge.app/Contents/MacOS/Liquidity Edge"; BUNDLE_LOADER = "$(TEST_HOST)"; CODE_SIGN_IDENTITY = "-"; LD_RUNPATH_SEARCH_PATHS = "$(inherited) @executable_path/../Frameworks @loader_path/../Frameworks"; SWIFT_OPTIMIZATION_LEVEL = "-Onone"; DEBUG_INFORMATION_FORMAT = "dwarf"; ENABLE_TESTABILITY = "YES"; SWIFT_ACTIVE_COMPILATION_CONDITIONS = "DEBUG";}; name = Debug;};
6B1796B0DD2FFFE5E88D704A = {isa = PBXBuildFile; fileRef = 078397455EC1A6A9F0F0219E;};
6B4085159BCF79F8DA4E58B7 = {isa = PBXFileReference; lastKnownFileType = sourcecode.swift; path = "LiquidityEdge/Views/PlaybookView.swift"; sourceTree = SOURCE_ROOT;};
6D038C6489B966443225930B = {isa = PBXGroup; children = (70ABFEA5F3550169F1BCD448); name = Extensions; sourceTree = "<group>";};
6E431EB0650617AA1756B320 = {isa = PBXSourcesBuildPhase; buildActionMask = 2147483647; files = (19D308DC5B216485F36B14DF, DDCE428232B6FD2478FA62C5); runOnlyForDeploymentPostprocessing = 0;};
6EDC9304F73B0DF409419AF4 = {isa = PBXBuildFile; fileRef = D973D4B0726D8499D234E68C;};
6EE67047A4B2648DDBB08231 = {isa = PBXGroup; children = (0C94216B7BB962BC2E1F7DFC, CC11F8170B2160D157E342EB, 068553349B05C5AE57AA01A2, F4138568C9FB07E050FBCA0F); name = Services; sourceTree = "<group>";};
6FAA370FCF701B3BCCC6778C = {isa = PBXBuildFile; fileRef = AF027690E3B888FDE3F99D83;};
70ABFEA5F3550169F1BCD448 = {isa = PBXFileReference; lastKnownFileType = sourcecode.swift; path = "LiquidityEdge/Extensions/JournalNotifications.swift"; sourceTree = SOURCE_ROOT;};
75572986CD55A33867CC0CB3 = {isa = PBXFileReference; lastKnownFileType = sourcecode.swift; path = "LiquidityEdge/Views/TradesView.swift"; sourceTree = SOURCE_ROOT;};
7561BFB015D8F536760CB671 = {isa = PBXFrameworksBuildPhase; buildActionMask = 2147483647; files = (); runOnlyForDeploymentPostprocessing = 0;};
7672B19E04E614B79326E639 = {isa = PBXBuildFile; fileRef = 75572986CD55A33867CC0CB3;};
77F788291F4A7436C8723E68 = {isa = PBXBuildFile; fileRef = 91CCF74D77C5907635C2A456;};
7CE75CD7A6F38545D3BDC99D = {isa = PBXGroup; children = (8ACBFBC3006FEE96083D9D75, 43CABBA8A298A388A7572700, 566D60DF771AC4DCFE4D996F); name = Utilities; sourceTree = "<group>";};
88ED6D798E1AA55569E3AE43 = {isa = PBXFileReference; lastKnownFileType = sourcecode.swift; path = "LiquidityEdge/Views/RootView.swift"; sourceTree = SOURCE_ROOT;};
8ACBFBC3006FEE96083D9D75 = {isa = PBXFileReference; lastKnownFileType = sourcecode.swift; path = "LiquidityEdge/Utilities/AnalyticsEngine.swift"; sourceTree = SOURCE_ROOT;};
8BCD5BC4CDFDF0918087C782 = {isa = PBXFileReference; explicitFileType = wrapper.application; path = "Liquidity Edge.app"; sourceTree = BUILT_PRODUCTS_DIR;};
8C3690775584D4E8A179B104 = {isa = PBXFileReference; lastKnownFileType = sourcecode.swift; path = "LiquidityEdge/Views/CalendarView.swift"; sourceTree = SOURCE_ROOT;};
90F732187AED8A0DC98EBBF8 = {isa = PBXBuildFile; fileRef = A12519B2066014A0CDDF0138;};
91CCF74D77C5907635C2A456 = {isa = PBXFileReference; lastKnownFileType = sourcecode.swift; path = "LiquidityEdge/Views/ScreenshotViews.swift"; sourceTree = SOURCE_ROOT;};
92DEB4EC69566A223B53FCB1 = {isa = PBXBuildFile; fileRef = F4138568C9FB07E050FBCA0F;};
93C76DCF52D6A043E2A29E72 = {isa = PBXFileReference; lastKnownFileType = sourcecode.swift; path = "LiquidityEdge/Views/TradeEditorView.swift"; sourceTree = SOURCE_ROOT;};
95BADC1ACCF0219653366231 = {isa = XCBuildConfiguration; buildSettings = {PRODUCT_NAME = "Liquidity Edge"; PRODUCT_MODULE_NAME = "LiquidityEdge"; PRODUCT_BUNDLE_IDENTIFIER = "com.liquidityedge.journal"; GENERATE_INFOPLIST_FILE = "YES"; INFOPLIST_KEY_CFBundleDisplayName = "LIQUIDITY EDGE"; INFOPLIST_KEY_LSApplicationCategoryType = "public.app-category.finance"; INFOPLIST_KEY_NSHumanReadableCopyright = "Copyright © 2026 LIQUIDITY EDGE"; CURRENT_PROJECT_VERSION = "1"; MARKETING_VERSION = "1.0"; CODE_SIGN_STYLE = "Automatic"; CODE_SIGN_IDENTITY = "-"; ENABLE_APP_SANDBOX = "YES"; ENABLE_USER_SELECTED_FILES = "readwrite"; ASSETCATALOG_COMPILER_APPICON_NAME = "AppIcon"; LD_RUNPATH_SEARCH_PATHS = "$(inherited) @executable_path/../Frameworks"; COMBINE_HIDPI_IMAGES = "YES"; SWIFT_OPTIMIZATION_LEVEL = "-Onone"; DEBUG_INFORMATION_FORMAT = "dwarf"; ENABLE_TESTABILITY = "YES"; SWIFT_ACTIVE_COMPILATION_CONDITIONS = "DEBUG";}; name = Debug;};
9670981CA1F6212866EA8FDD = {isa = PBXBuildFile; fileRef = 566D60DF771AC4DCFE4D996F;};
971ED9D05B25DB6C4D7680D4 = {isa = PBXSourcesBuildPhase; buildActionMask = 2147483647; files = (0A1A1913261B123769FD9238, 6FAA370FCF701B3BCCC6778C, 3459C7B1DD6083CC62193886, 90F732187AED8A0DC98EBBF8, 6B1796B0DD2FFFE5E88D704A, 0E7270AB0D6DD4856D430595, 2463EDA30407CB2885F789C7, 57BE034B8F490E6BA6859E7F, 44EEBFCC51DE9D27E09581DD, 167B301AB66FAF00DDF7F997, 92DEB4EC69566A223B53FCB1, 32398C07AD3591544B80F078, 12716E15768F49F91FAD4A43, 9670981CA1F6212866EA8FDD, A7F4DFEF0DC951219E736B4A, C59E9C2752D6ACDCF60502E1, E955173899C681C3E52A3E49, C55CB84A52BA951CBD2FF21A, 1ACF373BE7472E8D82CC1C12, 6EDC9304F73B0DF409419AF4, 652EB6FD44B3D4851877AF55, 77F788291F4A7436C8723E68, C44B6F226450485F6D89730E, 46AB437A39987B26EFE27F19, F11BF695FA9E3941D4C2B46F, 7672B19E04E614B79326E639); runOnlyForDeploymentPostprocessing = 0;};
98F54143AB4E86B28C3AFEE0 = {isa = PBXProject; attributes = {BuildIndependentTargetsInParallel = YES; LastUpgradeCheck = 1600; TargetAttributes = {C13732C8E715C9BEE4FA51C9 = {CreatedOnToolsVersion = 16.0;}; 64BCB755386F844C96A2A5B0 = {CreatedOnToolsVersion = 16.0; TestTargetID = C13732C8E715C9BEE4FA51C9;};};}; buildConfigurationList = 41A2CC2D5321B7BB2E956CA5; compatibilityVersion = "Xcode 14.0"; developmentRegion = en; hasScannedForEncodings = 0; knownRegions = (en, Base); mainGroup = F97E10D1020E3BEF961AF77B; productRefGroup = FBDC4F23F93125BBEEAE800C; projectDirPath = ""; projectRoot = ""; targets = (C13732C8E715C9BEE4FA51C9, 64BCB755386F844C96A2A5B0);};
9D7E11FE37A209F998CE4266 = {isa = XCBuildConfiguration; buildSettings = {PRODUCT_NAME = "LiquidityEdgeTests"; PRODUCT_BUNDLE_IDENTIFIER = "com.liquidityedge.journal.tests"; GENERATE_INFOPLIST_FILE = "YES"; TEST_HOST = "$(BUILT_PRODUCTS_DIR)/Liquidity Edge.app/Contents/MacOS/Liquidity Edge"; BUNDLE_LOADER = "$(TEST_HOST)"; CODE_SIGN_IDENTITY = "-"; LD_RUNPATH_SEARCH_PATHS = "$(inherited) @executable_path/../Frameworks @loader_path/../Frameworks"; SWIFT_OPTIMIZATION_LEVEL = "-O"; DEBUG_INFORMATION_FORMAT = "dwarf-with-dsym";}; name = Release;};
A024F06580C79B7582C3806A = {isa = PBXGroup; children = (3685E330EC5277A9DD5661C6); name = Resources; sourceTree = "<group>";};
A12519B2066014A0CDDF0138 = {isa = PBXFileReference; lastKnownFileType = sourcecode.swift; path = "LiquidityEdge/LiquidityEdgeApp.swift"; sourceTree = SOURCE_ROOT;};
A296CF4B7E708AB4E80076A9 = {isa = XCConfigurationList; buildConfigurations = (95BADC1ACCF0219653366231, AD97015E54B41257F97AC135); defaultConfigurationIsVisible = 0; defaultConfigurationName = Release;};
A7F4DFEF0DC951219E736B4A = {isa = PBXBuildFile; fileRef = 43F1B02F238D12F4A962097E;};
A98D803742766C727B057159 = {isa = PBXFileReference; lastKnownFileType = sourcecode.swift; path = "Tests/AnalyticsTests.swift"; sourceTree = SOURCE_ROOT;};
AA400DFD4219F700A8EA7668 = {isa = PBXBuildFile; fileRef = 3685E330EC5277A9DD5661C6;};
AD97015E54B41257F97AC135 = {isa = XCBuildConfiguration; buildSettings = {PRODUCT_NAME = "Liquidity Edge"; PRODUCT_MODULE_NAME = "LiquidityEdge"; PRODUCT_BUNDLE_IDENTIFIER = "com.liquidityedge.journal"; GENERATE_INFOPLIST_FILE = "YES"; INFOPLIST_KEY_CFBundleDisplayName = "LIQUIDITY EDGE"; INFOPLIST_KEY_LSApplicationCategoryType = "public.app-category.finance"; INFOPLIST_KEY_NSHumanReadableCopyright = "Copyright © 2026 LIQUIDITY EDGE"; CURRENT_PROJECT_VERSION = "1"; MARKETING_VERSION = "1.0"; CODE_SIGN_STYLE = "Automatic"; CODE_SIGN_IDENTITY = "-"; ENABLE_APP_SANDBOX = "YES"; ENABLE_USER_SELECTED_FILES = "readwrite"; ASSETCATALOG_COMPILER_APPICON_NAME = "AppIcon"; LD_RUNPATH_SEARCH_PATHS = "$(inherited) @executable_path/../Frameworks"; COMBINE_HIDPI_IMAGES = "YES"; SWIFT_OPTIMIZATION_LEVEL = "-O"; DEBUG_INFORMATION_FORMAT = "dwarf-with-dsym";}; name = Release;};
AF027690E3B888FDE3F99D83 = {isa = PBXFileReference; lastKnownFileType = sourcecode.swift; path = "LiquidityEdge/Components/DesignSystem.swift"; sourceTree = SOURCE_ROOT;};
B9A1FF4C261A493FF27AD605 = {isa = XCBuildConfiguration; buildSettings = {MACOSX_DEPLOYMENT_TARGET = "14.0"; SDKROOT = "macosx"; SWIFT_VERSION = "5.0"; CLANG_ENABLE_MODULES = "YES"; CLANG_ENABLE_OBJC_ARC = "YES"; GCC_WARN_64_TO_32_BIT_CONVERSION = "YES"; SWIFT_STRICT_CONCURRENCY = "targeted"; SWIFT_OPTIMIZATION_LEVEL = "-Onone"; DEBUG_INFORMATION_FORMAT = "dwarf"; ENABLE_TESTABILITY = "YES"; SWIFT_ACTIVE_COMPILATION_CONDITIONS = "DEBUG";}; name = Debug;};
BBD1A4309DD6635F34F23AFF = {isa = XCConfigurationList; buildConfigurations = (6A9FAA96D672635D3A9F85B9, 9D7E11FE37A209F998CE4266); defaultConfigurationIsVisible = 0; defaultConfigurationName = Release;};
BF657CFE8769AAE6C0570C29 = {isa = PBXGroup; children = (078397455EC1A6A9F0F0219E, 3D8FE69FCB131EC286CC3DAB, 139234D6367C085C1D37C6D6); name = Models; sourceTree = "<group>";};
BFC937463906E5DB7A02A37C = {isa = PBXGroup; children = (A98D803742766C727B057159, 3C62B5149966FDE0DB7747CE); name = Tests; sourceTree = "<group>";};
C134E955B631474C20CA863D = {isa = PBXFileReference; lastKnownFileType = sourcecode.swift; path = "LiquidityEdge/Charts/PerformanceCharts.swift"; sourceTree = SOURCE_ROOT;};
C13732C8E715C9BEE4FA51C9 = {isa = PBXNativeTarget; buildConfigurationList = A296CF4B7E708AB4E80076A9; buildPhases = (971ED9D05B25DB6C4D7680D4, 7561BFB015D8F536760CB671, 0189424A5A60FED329FA868E); buildRules = (); dependencies = (); name = LiquidityEdge; productName = "Liquidity Edge"; productReference = 8BCD5BC4CDFDF0918087C782; productType = "com.apple.product-type.application";};
C44B6F226450485F6D89730E = {isa = PBXBuildFile; fileRef = 10250BD8D865DD272B1472BF;};
C55CB84A52BA951CBD2FF21A = {isa = PBXBuildFile; fileRef = 665F6A51D8807C557E4D80B7;};
C59E9C2752D6ACDCF60502E1 = {isa = PBXBuildFile; fileRef = 30C8B29B12390E59983A4C0E;};
CC11F8170B2160D157E342EB = {isa = PBXFileReference; lastKnownFileType = sourcecode.swift; path = "LiquidityEdge/Services/DemoData.swift"; sourceTree = SOURCE_ROOT;};
D799BAE6088A90139B415FCC = {isa = PBXContainerItemProxy; containerPortal = 98F54143AB4E86B28C3AFEE0; proxyType = 1; remoteGlobalIDString = C13732C8E715C9BEE4FA51C9; remoteInfo = LiquidityEdge;};
D973D4B0726D8499D234E68C = {isa = PBXFileReference; lastKnownFileType = sourcecode.swift; path = "LiquidityEdge/Views/ReviewsView.swift"; sourceTree = SOURCE_ROOT;};
DDCE428232B6FD2478FA62C5 = {isa = PBXBuildFile; fileRef = 3C62B5149966FDE0DB7747CE;};
DE58E2B17C19600779694943 = {isa = PBXTargetDependency; target = C13732C8E715C9BEE4FA51C9; targetProxy = D799BAE6088A90139B415FCC;};
E955173899C681C3E52A3E49 = {isa = PBXBuildFile; fileRef = 8C3690775584D4E8A179B104;};
F11BF695FA9E3941D4C2B46F = {isa = PBXBuildFile; fileRef = 93C76DCF52D6A043E2A29E72;};
F219C0274590DA45E4BEF1EA = {isa = PBXFileReference; explicitFileType = wrapper.cfbundle; path = LiquidityEdgeTests.xctest; sourceTree = BUILT_PRODUCTS_DIR;};
F4138568C9FB07E050FBCA0F = {isa = PBXFileReference; lastKnownFileType = sourcecode.swift; path = "LiquidityEdge/Services/ScreenshotService.swift"; sourceTree = SOURCE_ROOT;};
F97E10D1020E3BEF961AF77B = {isa = PBXGroup; children = (69F8D45498D7E20DA99BB780, BFC937463906E5DB7A02A37C, FBDC4F23F93125BBEEAE800C); sourceTree = "<group>";};
FBDC4F23F93125BBEEAE800C = {isa = PBXGroup; children = (8BCD5BC4CDFDF0918087C782, F219C0274590DA45E4BEF1EA); name = Products; sourceTree = "<group>";};
}; rootObject = 98F54143AB4E86B28C3AFEE0; }
